
Microsoft Visual Studio Solution File, Format Version 12.00
# Visual Studio Version 17
VisualStudioVersion = 17.13.35828.75 d17.13
MinimumVisualStudioVersion = 10.0.40219.1
Project("{FAE04EC0-301F-11D3-BF4B-00C04F79EFBC}") = "FlowerShop", "FlowerShop.csproj", "{FEFB799D-BB7F-403F-90CE-ABEC264650D0}"
EndProject
Global
	GlobalSection(SolutionConfigurationPlatforms) = preSolution
		Debug|Any CPU = Debug|Any CPU
		Release|Any CPU = Release|Any CPU
	EndGlobalSection
	GlobalSection(ProjectConfigurationPlatforms) = postSolution
		{FEFB799D-BB7F-403F-90CE-ABEC264650D0}.Debug|Any CPU.ActiveCfg = Debug|Any CPU
		{FEFB799D-BB7F-403F-90CE-ABEC264650D0}.Debug|Any CPU.Build.0 = Debug|Any CPU
		{FEFB799D-BB7F-403F-90CE-ABEC264650D0}.Release|Any CPU.ActiveCfg = Release|Any CPU
		{FEFB799D-BB7F-403F-90CE-ABEC264650D0}.Release|Any CPU.Build.0 = Release|Any CPU
	EndGlobalSection
	GlobalSection(SolutionProperties) = preSolution
		HideSolutionNode = FALSE
	EndGlobalSection
	GlobalSection(ExtensibilityGlobals) = postSolution
		SolutionGuid = {CFE5B9DD-56EF-489F-B23C-DB50186B0DC2}
	EndGlobalSection
EndGlobal
